
Microsoft Visual Studio Solution File, Format Version 12.00
# Visual Studio Version 17
VisualStudioVersion = 17.5.33530.505
MinimumVisualStudioVersion = 10.0.40219.1
Project("{FAE04EC0-301F-11D3-BF4B-00C04F79EFBC}") = "Module13_Collection", "Module13_Collextion\Module13_Collection.csproj", "{7AC5ED9A-4E99-451F-9878-A070477FECD9}"
EndProject
Global
	GlobalSection(SolutionConfigurationPlatforms) = preSolution
		Debug|Any CPU = Debug|Any CPU
		Release|Any CPU = Release|Any CPU
	EndGlobalSection
	GlobalSection(ProjectConfigurationPlatforms) = postSolution
		{7AC5ED9A-4E99-451F-9878-A070477FECD9}.Debug|Any CPU.ActiveCfg = Debug|Any CPU
		{7AC5ED9A-4E99-451F-9878-A070477FECD9}.Debug|Any CPU.Build.0 = Debug|Any CPU
		{7AC5ED9A-4E99-451F-9878-A070477FECD9}.Release|Any CPU.ActiveCfg = Release|Any CPU
		{7AC5ED9A-4E99-451F-9878-A070477FECD9}.Release|Any CPU.Build.0 = Release|Any CPU
	EndGlobalSection
	GlobalSection(SolutionProperties) = preSolution
		HideSolutionNode = FALSE
	EndGlobalSection
	GlobalSection(ExtensibilityGlobals) = postSolution
		SolutionGuid = {FD005384-689B-49CA-A1B2-D02D24DAC71D}
	EndGlobalSection
EndGlobal
